
Microsoft Visual Studio Solution File, Format Version 12.00
# Visual Studio 15
VisualStudioVersion = 15.0.28010.2050
MinimumVisualStudioVersion = 10.0.40219.1
Project("{9A19103F-16F7-4668-BE54-9A1E7A4F7556}") = "CIAT.DAPA.AEPS.WebAdministrative", "CIAT.DAPA.AEPS.WebAdministrative\CIAT.DAPA.AEPS.WebAdministrative.csproj", "{6440CEE2-AB16-48F8-BC89-A6712709444C}"
EndProject
Project("{9A19103F-16F7-4668-BE54-9A1E7A4F7556}") = "CIAT.DAPA.AEPS.Data", "CIAT.DAPA.AEPS.Data\CIAT.DAPA.AEPS.Data.csproj", "{5650BF47-3166-4831-B5D2-2FCB2E1A01A5}"
EndProject
Project("{2150E333-8FDC-42A3-9474-1A3956D46DE8}") = "Solution Items", "Solution Items", "{933890CE-5217-46E7-913B-D3928DE25027}"
	ProjectSection(SolutionItems) = preProject
		Commands.txt = Commands.txt
		Links.txt = Links.txt
	EndProjectSection
EndProject
Project("{9A19103F-16F7-4668-BE54-9A1E7A4F7556}") = "CIAT.DAPA.AEPS.ODK", "CIAT.DAPA.AEPS.ODK\CIAT.DAPA.AEPS.ODK.csproj", "{657B0EC6-7493-46D8-A60B-8294293B75E9}"
EndProject
Project("{FAE04EC0-301F-11D3-BF4B-00C04F79EFBC}") = "CIAT.DAPA.AEPS.Users", "CIAT.DAPA.AEPS.Users\CIAT.DAPA.AEPS.Users.csproj", "{69CD9D54-3F94-4B17-BA54-649308D0D26B}"
EndProject
Global
	GlobalSection(SolutionConfigurationPlatforms) = preSolution
		Debug|Any CPU = Debug|Any CPU
		Release|Any CPU = Release|Any CPU
	EndGlobalSection
	GlobalSection(ProjectConfigurationPlatforms) = postSolution
		{6440CEE2-AB16-48F8-BC89-A6712709444C}.Debug|Any CPU.ActiveCfg = Debug|Any CPU
		{6440CEE2-AB16-48F8-BC89-A6712709444C}.Debug|Any CPU.Build.0 = Debug|Any CPU
		{6440CEE2-AB16-48F8-BC89-A6712709444C}.Release|Any CPU.ActiveCfg = Release|Any CPU
		{6440CEE2-AB16-48F8-BC89-A6712709444C}.Release|Any CPU.Build.0 = Release|Any CPU
		{5650BF47-3166-4831-B5D2-2FCB2E1A01A5}.Debug|Any CPU.ActiveCfg = Debug|Any CPU
		{5650BF47-3166-4831-B5D2-2FCB2E1A01A5}.Debug|Any CPU.Build.0 = Debug|Any CPU
		{5650BF47-3166-4831-B5D2-2FCB2E1A01A5}.Release|Any CPU.ActiveCfg = Release|Any CPU
		{5650BF47-3166-4831-B5D2-2FCB2E1A01A5}.Release|Any CPU.Build.0 = Release|Any CPU
		{657B0EC6-7493-46D8-A60B-8294293B75E9}.Debug|Any CPU.ActiveCfg = Debug|Any CPU
		{657B0EC6-7493-46D8-A60B-8294293B75E9}.Debug|Any CPU.Build.0 = Debug|Any CPU
		{657B0EC6-7493-46D8-A60B-8294293B75E9}.Release|Any CPU.ActiveCfg = Release|Any CPU
		{657B0EC6-7493-46D8-A60B-8294293B75E9}.Release|Any CPU.Build.0 = Release|Any CPU
		{69CD9D54-3F94-4B17-BA54-649308D0D26B}.Debug|Any CPU.ActiveCfg = Debug|Any CPU
		{69CD9D54-3F94-4B17-BA54-649308D0D26B}.Debug|Any CPU.Build.0 = Debug|Any CPU
		{69CD9D54-3F94-4B17-BA54-649308D0D26B}.Release|Any CPU.ActiveCfg = Release|Any CPU
		{69CD9D54-3F94-4B17-BA54-649308D0D26B}.Release|Any CPU.Build.0 = Release|Any CPU
	EndGlobalSection
	GlobalSection(SolutionProperties) = preSolution
		HideSolutionNode = FALSE
	EndGlobalSection
	GlobalSection(ExtensibilityGlobals) = postSolution
		SolutionGuid = {1A6BA3D8-37B9-4DBF-85C1-5D003A78F2CF}
	EndGlobalSection
EndGlobal
